
Microsoft Visual Studio Solution File, Format Version 12.00
# Visual Studio Version 17
VisualStudioVersion = 17.10.35013.160
MinimumVisualStudioVersion = 10.0.40219.1
Project("{FAE04EC0-301F-11D3-BF4B-00C04F79EFBC}") = "HotelWeb", "HotelWeb\HotelWeb.csproj", "{317B77E8-4C55-4557-8AAF-B2A6CED4DB05}"
EndProject
Global
	GlobalSection(SolutionConfigurationPlatforms) = preSolution
		Debug|Any CPU = Debug|Any CPU
		Release|Any CPU = Release|Any CPU
	EndGlobalSection
	GlobalSection(ProjectConfigurationPlatforms) = postSolution
		{317B77E8-4C55-4557-8AAF-B2A6CED4DB05}.Debug|Any CPU.ActiveCfg = Debug|Any CPU
		{317B77E8-4C55-4557-8AAF-B2A6CED4DB05}.Debug|Any CPU.Build.0 = Debug|Any CPU
		{317B77E8-4C55-4557-8AAF-B2A6CED4DB05}.Release|Any CPU.ActiveCfg = Release|Any CPU
		{317B77E8-4C55-4557-8AAF-B2A6CED4DB05}.Release|Any CPU.Build.0 = Release|Any CPU
	EndGlobalSection
	GlobalSection(SolutionProperties) = preSolution
		HideSolutionNode = FALSE
	EndGlobalSection
	GlobalSection(ExtensibilityGlobals) = postSolution
		SolutionGuid = {9984C456-4EF1-405A-9DF3-7D7AFDF5549A}
	EndGlobalSection
EndGlobal
